Microsoft Visual Studio Solution File, Format Version 12.00
# Visual Studio Version 17
VisualStudioVersion = 17.5.2.0
MinimumVisualStudioVersion = 10.0.40219.1
Project("{FAE04EC0-301F-11D3-BF4B-00C04F79EFBC}") = "custom-calculator", "custom-calculator.csproj", "{D20452D3-9ABC-E1AF-D37E-5C3BE62FC0DE}"
EndProject
Global
	GlobalSection(SolutionConfigurationPlatforms) = preSolution
		Debug|Any CPU = Debug|Any CPU
		Release|Any CPU = Release|Any CPU
	EndGlobalSection
	GlobalSection(ProjectConfigurationPlatforms) = postSolution
		{D20452D3-9ABC-E1AF-D37E-5C3BE62FC0DE}.Debug|Any CPU.ActiveCfg = Debug|Any CPU
		{D20452D3-9ABC-E1AF-D37E-5C3BE62FC0DE}.Debug|Any CPU.Build.0 = Debug|Any CPU
		{D20452D3-9ABC-E1AF-D37E-5C3BE62FC0DE}.Release|Any CPU.ActiveCfg = Release|Any CPU
		{D20452D3-9ABC-E1AF-D37E-5C3BE62FC0DE}.Release|Any CPU.Build.0 = Release|Any CPU
	EndGlobalSection
	GlobalSection(SolutionProperties) = preSolution
		HideSolutionNode = FALSE
	EndGlobalSection
	GlobalSection(ExtensibilityGlobals) = postSolution
		SolutionGuid = {925BD8E5-3AE1-4580-9311-2AF6FAB37BCF}
	EndGlobalSection
EndGlobal
